
Microsoft Visual Studio Solution File, Format Version 12.00
# Visual Studio Version 17
VisualStudioVersion = 17.8.34330.188
MinimumVisualStudioVersion = 10.0.40219.1
Project("{FAE04EC0-301F-11D3-BF4B-00C04F79EFBC}") = "JenkinsDemo", "JenkinsDemo\JenkinsDemo.csproj", "{ADF2876E-4C03-47D9-B9D5-30E3F4C89799}"
EndProject
Project("{FAE04EC0-301F-11D3-BF4B-00C04F79EFBC}") = "TestProject1", "TestProject1\TestProject1.csproj", "{7B554E8B-29AE-4755-BFF5-54FC20578103}"
EndProject
Global
	GlobalSection(SolutionConfigurationPlatforms) = preSolution
		Debug|Any CPU = Debug|Any CPU
		Release|Any CPU = Release|Any CPU
	EndGlobalSection
	GlobalSection(ProjectConfigurationPlatforms) = postSolution
		{ADF2876E-4C03-47D9-B9D5-30E3F4C89799}.Debug|Any CPU.ActiveCfg = Debug|Any CPU
		{ADF2876E-4C03-47D9-B9D5-30E3F4C89799}.Debug|Any CPU.Build.0 = Debug|Any CPU
		{ADF2876E-4C03-47D9-B9D5-30E3F4C89799}.Release|Any CPU.ActiveCfg = Release|Any CPU
		{ADF2876E-4C03-47D9-B9D5-30E3F4C89799}.Release|Any CPU.Build.0 = Release|Any CPU
		{7B554E8B-29AE-4755-BFF5-54FC20578103}.Debug|Any CPU.ActiveCfg = Debug|Any CPU
		{7B554E8B-29AE-4755-BFF5-54FC20578103}.Debug|Any CPU.Build.0 = Debug|Any CPU
		{7B554E8B-29AE-4755-BFF5-54FC20578103}.Release|Any CPU.ActiveCfg = Release|Any CPU
		{7B554E8B-29AE-4755-BFF5-54FC20578103}.Release|Any CPU.Build.0 = Release|Any CPU
	EndGlobalSection
	GlobalSection(SolutionProperties) = preSolution
		HideSolutionNode = FALSE
	EndGlobalSection
	GlobalSection(ExtensibilityGlobals) = postSolution
		SolutionGuid = {0D083D29-491E-4F5E-B9C0-6E7E98990B63}
	EndGlobalSection
EndGlobal
